{
  "name": "sage-dom",
  "version": "1.0.0",
  "lockfileVersion": 3,
  "requires": true,
  "packages": {
    "": {
      "name": "sage-dom",
      "version": "1.0.0",
      "license": "ISC",
      "dependencies": {
        "sage-reconciler": "file:../sage-reconciler"
      },
      "devDependencies": {
        "@types/node": "^20.4.4",
        "typescript": "^5.1.6"
      },
      "peerDependencies": {
        "sage": "file:../sage",
        "sage-reconciler": "file:../sage-reconciler"
      }
    },
    "node_modules/@types/node": {
      "version": "20.4.4",
      "resolved": "https://registry.npmjs.org/@types/node/-/node-20.4.4.tgz",
      "integrity": "sha512-CukZhumInROvLq3+b5gLev+vgpsIqC2D0deQr/yS1WnxvmYLlJXZpaQrQiseMY+6xusl79E04UjWoqyr+t1/Ew==",
      "dev": true
    },
    "node_modules/sage": {
      "version": "1.0.0",
      "resolved": "file:../sage",
      "license": "MIT"
    },
    "node_modules/sage-reconciler": {
      "version": "1.0.0",
      "resolved": "file:../sage-reconciler",
      "license": "ISC",
      "dependencies": {
        "sage": "file:../sage",
        "tslib": "^2.6.1"
      }
    },
    "node_modules/tslib": {
      "version": "2.6.1",
      "resolved": "https://registry.npmjs.org/tslib/-/tslib-2.6.1.tgz",
      "integrity": "sha512-t0hLfiEKfMUoqhG+U1oid7Pva4bbDPHYfJNiB7BiIjRkj1pyC++4N3huJfqY6aRH6VTB0rvtzQwjM4K6qpfOig=="
    },
    "node_modules/typescript": {
      "version": "5.1.6",
      "resolved": "https://registry.npmjs.org/typescript/-/typescript-5.1.6.tgz",
      "integrity": "sha512-zaWCozRZ6DLEWAWFrVDz1H6FVXzUSfTy5FUMWsQlU8Ym5JP9eO4xkTIROFCQvhQf61z6O/G6ugw3SgAnvvm+HA==",
      "dev": true,
      "bin": {
        "tsc": "bin/tsc",
        "tsserver": "bin/tsserver"
      },
      "engines": {
        "node": ">=14.17"
      }
    }
  }
}
